{
  "version": 4,
  "terraform_version": "0.12.9",
  "serial": 71,
  "lineage": "9953f75b-dde5-35ac-4aaa-929719cfaba2",
  "outputs": {
    "ip": {
      "value": "34.68.41.156",
      "type": "string"
    }
  },
  "resources": [
    {
      "mode": "data",
      "type": "google_compute_image",
      "name": "centos_image",
      "provider": "provider.google",
      "instances": [
        {
          "schema_version": 0,
          "attributes": {
            "archive_size_bytes": 22913021952,
            "creation_timestamp": "2020-09-10T10:16:40.688-07:00",
            "description": "CentOS, CentOS, 7, x86_64 built on 20200910, supports Shielded VM features",
            "disk_size_gb": 20,
            "family": "centos-7",
            "id": "projects/centos-cloud/global/images/centos-7-v20200910",
            "image_encryption_key_sha256": "",
            "image_id": "628617501591724439",
            "label_fingerprint": "42WmSpB8rSM=",
            "labels": {},
            "licenses": [
              "https://www.googleapis.com/compute/v1/projects/centos-cloud/global/licenses/centos-7"
            ],
            "name": "centos-7-v20200910",
            "project": "centos-cloud",
            "self_link": "https://www.googleapis.com/compute/v1/projects/centos-cloud/global/images/centos-7-v20200910",
            "source_disk": "",
            "source_disk_encryption_key_sha256": "",
            "source_disk_id": "",
            "source_image_id": "",
            "status": "READY"
          }
        }
      ]
    },
    {
      "mode": "managed",
      "type": "google_compute_firewall",
      "name": "jenkins_firewall",
      "provider": "provider.google",
      "instances": [
        {
          "schema_version": 1,
          "attributes": {
            "allow": [
              {
                "ports": [
                  "80",
                  "8080",
                  "22"
                ],
                "protocol": "tcp"
              },
              {
                "ports": [],
                "protocol": "icmp"
              }
            ],
            "creation_timestamp": "2020-09-30T21:03:25.625-07:00",
            "deny": [],
            "description": "",
            "destination_ranges": [],
            "direction": "INGRESS",
            "disabled": false,
            "enable_logging": null,
            "id": "projects/challenge-project-291102/global/firewalls/jenkins-firewall",
            "log_config": [],
            "name": "jenkins-firewall",
            "network": "https://www.googleapis.com/compute/v1/projects/challenge-project-291102/global/networks/jenkis-network",
            "priority": 1000,
            "project": "challenge-project-291102",
            "self_link": "https://www.googleapis.com/compute/v1/projects/challenge-project-291102/global/firewalls/jenkins-firewall",
            "source_ranges": [
              "0.0.0.0/0"
            ],
            "source_service_accounts": null,
            "source_tags": null,
            "target_service_accounts": null,
            "target_tags": null,
            "timeouts": null
          },
          "private": "eyJlMmJmYjczMC1lY2FhLTExZTYtOGY4OC0zNDM2M2JjN2M0YzAiOnsiY3JlYXRlIjoyNDAwMDAwMDAwMDAsImRlbGV0ZSI6MjQwMDAwMDAwMDAwLCJ1cGRhdGUiOjI0MDAwMDAwMDAwMH0sInNjaGVtYV92ZXJzaW9uIjoiMSJ9",
          "depends_on": [
            "google_compute_network.jenkis_network"
          ]
        }
      ]
    },
    {
      "mode": "managed",
      "type": "google_compute_instance",
      "name": "vm_jenkins",
      "provider": "provider.google",
      "instances": [
        {
          "schema_version": 6,
          "attributes": {
            "allow_stopping_for_update": null,
            "attached_disk": [],
            "boot_disk": [
              {
                "auto_delete": true,
                "device_name": "persistent-disk-0",
                "disk_encryption_key_raw": "",
                "disk_encryption_key_sha256": "",
                "initialize_params": [
                  {
                    "image": "https://www.googleapis.com/compute/v1/projects/centos-cloud/global/images/centos-7-v20200910",
                    "labels": {},
                    "size": 20,
                    "type": "pd-standard"
                  }
                ],
                "kms_key_self_link": "",
                "mode": "READ_WRITE",
                "source": "https://www.googleapis.com/compute/v1/projects/challenge-project-291102/zones/us-central1-a/disks/vm-jenkins"
              }
            ],
            "can_ip_forward": false,
            "cpu_platform": "Intel Haswell",
            "current_status": "RUNNING",
            "deletion_protection": false,
            "description": "",
            "desired_status": null,
            "enable_display": false,
            "guest_accelerator": [],
            "hostname": "",
            "id": "projects/challenge-project-291102/zones/us-central1-a/instances/vm-jenkins",
            "instance_id": "3058233458160102369",
            "label_fingerprint": "42WmSpB8rSM=",
            "labels": null,
            "machine_type": "n1-standard-1",
            "metadata": {
              "name": "jenkins",
              "ssh-keys": "centosjenkins:ssh-rsa AAAAB3NzaC1yc2EAAAADAQABAAABAQDN0KvAi02QPMAOVxlBjDa4ECDs4R7xJtfiJAryHEm10y9OXoGA2CehMXYoZ7b1B5TExO5HsbRB2LahtQ9Xa3Q9dH+d8PfBRnRlHSnh/jvH+WQ24U+PqkfkI/l0Lvcyo/ZTgi9qOGAoyKSd+5M2+Ujax16t8Ohpg9MDwHr9QGbaUyKL5WS/7aMH1UiRU/gn2xeOei9yGqVBBKKaF4XN4AMM0egZ4FVyDT8+/QDO7mrZ0Q3dVr8OBe9Tt2HQaUyXHtChJsOXRW7qTMWRLgRa32jztPCQ0CR2wn9YwZlRaS5z/oy3RpzZVisPewKP9pwL8tXRr58iMhah+IeohjWT7OGH centosjenkins\n"
            },
            "metadata_fingerprint": "06Z4AHxeOEY=",
            "metadata_startup_script": "",
            "min_cpu_platform": "",
            "name": "vm-jenkins",
            "network_interface": [
              {
                "access_config": [
                  {
                    "nat_ip": "34.68.41.156",
                    "network_tier": "PREMIUM",
                    "public_ptr_domain_name": ""
                  }
                ],
                "alias_ip_range": [],
                "name": "nic0",
                "network": "https://www.googleapis.com/compute/v1/projects/challenge-project-291102/global/networks/jenkis-network",
                "network_ip": "10.128.0.2",
                "subnetwork": "https://www.googleapis.com/compute/v1/projects/challenge-project-291102/regions/us-central1/subnetworks/jenkis-network",
                "subnetwork_project": "challenge-project-291102"
              }
            ],
            "project": "challenge-project-291102",
            "resource_policies": null,
            "scheduling": [
              {
                "automatic_restart": true,
                "node_affinities": [],
                "on_host_maintenance": "MIGRATE",
                "preemptible": false
              }
            ],
            "scratch_disk": [
              {
                "interface": "SCSI"
              }
            ],
            "self_link": "https://www.googleapis.com/compute/v1/projects/challenge-project-291102/zones/us-central1-a/instances/vm-jenkins",
            "service_account": [
              {
                "email": "490244258158-compute@developer.gserviceaccount.com",
                "scopes": [
                  "https://www.googleapis.com/auth/compute.readonly",
                  "https://www.googleapis.com/auth/devstorage.read_only",
                  "https://www.googleapis.com/auth/userinfo.email"
                ]
              }
            ],
            "shielded_instance_config": [
              {
                "enable_integrity_monitoring": true,
                "enable_secure_boot": false,
                "enable_vtpm": true
              }
            ],
            "tags": [
              "jenkins"
            ],
            "tags_fingerprint": "4l7--0t2PzY=",
            "timeouts": null,
            "zone": "us-central1-a"
          },
          "private": "eyJlMmJmYjczMC1lY2FhLTExZTYtOGY4OC0zNDM2M2JjN2M0YzAiOnsiY3JlYXRlIjoxMjAwMDAwMDAwMDAwLCJkZWxldGUiOjEyMDAwMDAwMDAwMDAsInVwZGF0ZSI6MTIwMDAwMDAwMDAwMH0sInNjaGVtYV92ZXJzaW9uIjoiNiJ9",
          "depends_on": [
            "data.google_compute_image.centos_image",
            "google_compute_network.jenkis_network"
          ]
        }
      ]
    },
    {
      "mode": "managed",
      "type": "google_compute_network",
      "name": "jenkis_network",
      "provider": "provider.google",
      "instances": [
        {
          "schema_version": 0,
          "attributes": {
            "auto_create_subnetworks": true,
            "delete_default_routes_on_create": false,
            "description": "",
            "gateway_ipv4": "",
            "id": "projects/challenge-project-291102/global/networks/jenkis-network",
            "name": "jenkis-network",
            "project": "challenge-project-291102",
            "routing_mode": "REGIONAL",
            "self_link": "https://www.googleapis.com/compute/v1/projects/challenge-project-291102/global/networks/jenkis-network",
            "timeouts": null
          },
          "private": "eyJlMmJmYjczMC1lY2FhLTExZTYtOGY4OC0zNDM2M2JjN2M0YzAiOnsiY3JlYXRlIjoyNDAwMDAwMDAwMDAsImRlbGV0ZSI6MjQwMDAwMDAwMDAwLCJ1cGRhdGUiOjI0MDAwMDAwMDAwMH19"
        }
      ]
    }
  ]
}
