{
  "version": 4,
  "terraform_version": "0.12.9",
  "serial": 12,
  "lineage": "25d53cf3-cb0e-cdb0-7de2-ef2ddaef6cfa",
  "outputs": {},
  "resources": [
    {
      "mode": "managed",
      "type": "google_container_cluster",
      "name": "gke",
      "provider": "provider.google",
      "instances": [
        {
          "schema_version": 1,
          "attributes": {
            "addons_config": [
              {
                "cloudrun_config": [],
                "horizontal_pod_autoscaling": [],
                "http_load_balancing": [],
                "network_policy_config": [
                  {
                    "disabled": true
                  }
                ]
              }
            ],
            "authenticator_groups_config": [],
            "cluster_autoscaling": [
              {
                "auto_provisioning_defaults": [],
                "enabled": false,
                "resource_limits": []
              }
            ],
            "cluster_ipv4_cidr": "10.0.0.0/14",
            "database_encryption": [
              {
                "key_name": "",
                "state": "DECRYPTED"
              }
            ],
            "default_max_pods_per_node": null,
            "description": "",
            "enable_binary_authorization": false,
            "enable_intranode_visibility": null,
            "enable_kubernetes_alpha": false,
            "enable_legacy_abac": false,
            "enable_shielded_nodes": false,
            "enable_tpu": null,
            "endpoint": "35.222.224.142",
            "id": "projects/challenge-project-291102/locations/us-central1-a/clusters/my-gke-cluster",
            "initial_node_count": 1,
            "instance_group_urls": [],
            "ip_allocation_policy": [],
            "label_fingerprint": "a9dc16a7",
            "location": "us-central1-a",
            "logging_service": "logging.googleapis.com/kubernetes",
            "maintenance_policy": [],
            "master_auth": [
              {
                "client_certificate": "",
                "client_certificate_config": [
                  {
                    "issue_client_certificate": false
                  }
                ],
                "client_key": "",
                "cluster_ca_certificate": "LS0tLS1CRUdJTiBDRVJUSUZJQ0FURS0tLS0tCk1JSURLakNDQWhLZ0F3SUJBZ0lRSjArZmhKcDJyUktYOXFIb0JvZHBYekFOQmdrcWhraUc5dzBCQVFzRkFEQXYKTVMwd0t3WURWUVFERXlSaU9XUTVPRGd4TkMxa09ERmxMVFEwT1RNdE9UWXlNUzFpTlRZeU1UUTRZakU1T1RNdwpIaGNOTWpBd09UTXdNREkxT1RRMFdoY05NalV3T1RJNU1ETTFPVFEwV2pBdk1TMHdLd1lEVlFRREV5UmlPV1E1Ck9EZ3hOQzFrT0RGbExUUTBPVE10T1RZeU1TMWlOVFl5TVRRNFlqRTVPVE13Z2dFaU1BMEdDU3FHU0liM0RRRUIKQVFVQUE0SUJEd0F3Z2dFS0FvSUJBUUMrTnBhZThQK3lFT002Mnhtb0ExY2IyVEhxTnBMQVppb29teGl3UStRVQpGVGgyRFdIc2VYWkJtSGNoNUlNSFhVWUFMcDdUOGRTY1VCWDZ0L3o4ZFNDcGtubmFINWZoc1dmVmtDQWFtZDR3Ci9nWlJ0SWc3aVNxaVFSNzZCMHBxNDdqakVSbzIwL1l5VXAwZ2VEZkowSFlDVU1uV2lIRzVRL2dQK3diUDlCSHgKVkNCS2dCZmh0T284ZmpCSysyZU5VTFI1cnNLeGp3SnJvMWNpZEN1YUpJVDRFNFZOaUViVDBEaWp2aVZDNXNpZQpyWlRPdjRPbG80Q21KcjdxbkkzQmRXTXNQaml2Qk16NzdMYVNKL29lQ0gxNnpCeVo4d0tqNGwvNGZmZ2Z2enRJCmhickMrYnNZejNzbnJSdDJpQUFZL0s5alJjbGtwYlJINUFEUDlxZjVDaUFIQWdNQkFBR2pRakJBTUE0R0ExVWQKRHdFQi93UUVBd0lDQkRBUEJnTlZIUk1CQWY4RUJUQURBUUgvTUIwR0ExVWREZ1FXQkJSSGNwclpvbGZ3SDJnMwpHOEVwRVp3R2xhRXBGakFOQmdrcWhraUc5dzBCQVFzRkFBT0NBUUVBTXJGZUs4dUNmSXFSdTBNRkxBVkkvT3lQClg3c251MWErWlBBZldaWWFBVjRzdFAwRWd6K1Y3YWx1SlNxdUF4SDBxNVVDeWRmcVhSeGl2a0RuallES0FpWFQKaTJJREFIMVpnZFRqSi9RdVBnL0xaSllrSXpzcXZqNjRqemc1UklIRUJJYmxwY29SSVFnRTRFWlNWM3ZWZ1M0VAo5QS9XOTZob1gzQUhqc2lPWWl6Sk50aSsybkZ1UURSQW1aOFZ2TWx1MU93N3g5QnA0Umx6OVJWMVdTTVlIZDhVCnJpYXp0OG9CN1JCWTdNeXVMdGxoUDNTNTB4OVFTeGV5bnZRNzJlbHI4TTBGY1FlSEhiUkZmZk0zYjdzRGVkY3MKbTVHM1Yxdk5wMDgyb1hrdWFUVjlHOUdES3NHUklyZzl5bmFobTdIb2hHNmp3VWZkVU1wZ29OTWNFOXBRb2c9PQotLS0tLUVORCBDRVJUSUZJQ0FURS0tLS0tCg==",
                "password": "",
                "username": ""
              }
            ],
            "master_authorized_networks_config": [],
            "master_version": "1.15.12-gke.20",
            "min_master_version": null,
            "monitoring_service": "monitoring.googleapis.com/kubernetes",
            "name": "my-gke-cluster",
            "network": "projects/challenge-project-291102/global/networks/default",
            "network_policy": [
              {
                "enabled": false,
                "provider": "PROVIDER_UNSPECIFIED"
              }
            ],
            "node_config": [],
            "node_locations": [],
            "node_pool": [],
            "node_version": "1.15.12-gke.20",
            "operation": null,
            "pod_security_policy_config": [],
            "private_cluster_config": [],
            "project": "challenge-project-291102",
            "release_channel": [
              {
                "channel": "UNSPECIFIED"
              }
            ],
            "remove_default_node_pool": true,
            "resource_labels": {},
            "resource_usage_export_config": [],
            "self_link": "https://container.googleapis.com/v1beta1/projects/challenge-project-291102/zones/us-central1-a/clusters/my-gke-cluster",
            "services_ipv4_cidr": "10.3.240.0/20",
            "subnetwork": "projects/challenge-project-291102/regions/us-central1/subnetworks/default",
            "timeouts": null,
            "vertical_pod_autoscaling": [],
            "workload_identity_config": []
          },
          "private": "eyJlMmJmYjczMC1lY2FhLTExZTYtOGY4OC0zNDM2M2JjN2M0YzAiOnsiY3JlYXRlIjoyNDAwMDAwMDAwMDAwLCJkZWxldGUiOjI0MDAwMDAwMDAwMDAsInJlYWQiOjI0MDAwMDAwMDAwMDAsInVwZGF0ZSI6MzYwMDAwMDAwMDAwMH0sInNjaGVtYV92ZXJzaW9uIjoiMSJ9"
        }
      ]
    },
    {
      "mode": "managed",
      "type": "google_container_node_pool",
      "name": "nodepool",
      "provider": "provider.google",
      "instances": [
        {
          "schema_version": 1,
          "attributes": {
            "autoscaling": [],
            "cluster": "my-gke-cluster",
            "id": "projects/challenge-project-291102/locations/us-central1-a/clusters/my-gke-cluster/nodePools/my-node-pool",
            "initial_node_count": 1,
            "instance_group_urls": [
              "https://www.googleapis.com/compute/v1/projects/challenge-project-291102/zones/us-central1-a/instanceGroupManagers/gke-my-gke-cluster-my-node-pool-17057ec2-grp"
            ],
            "location": "us-central1-a",
            "management": [
              {
                "auto_repair": true,
                "auto_upgrade": true
              }
            ],
            "max_pods_per_node": null,
            "name": "my-node-pool",
            "name_prefix": "",
            "node_config": [
              {
                "disk_size_gb": 100,
                "disk_type": "pd-standard",
                "guest_accelerator": [],
                "image_type": "COS",
                "labels": {},
                "local_ssd_count": 0,
                "machine_type": "e2-medium",
                "metadata": {
                  "disable-legacy-endpoints": "true"
                },
                "min_cpu_platform": "",
                "oauth_scopes": [
                  "https://www.googleapis.com/auth/logging.write",
                  "https://www.googleapis.com/auth/monitoring"
                ],
                "preemptible": true,
                "service_account": "default",
                "shielded_instance_config": [
                  {
                    "enable_integrity_monitoring": true,
                    "enable_secure_boot": false
                  }
                ],
                "tags": null,
                "taint": [],
                "workload_metadata_config": []
              }
            ],
            "node_count": 1,
            "node_locations": [
              "us-central1-a"
            ],
            "project": "challenge-project-291102",
            "timeouts": null,
            "upgrade_settings": [
              {
                "max_surge": 1,
                "max_unavailable": 0
              }
            ],
            "version": "1.15.12-gke.20"
          },
          "private": "eyJlMmJmYjczMC1lY2FhLTExZTYtOGY4OC0zNDM2M2JjN2M0YzAiOnsiY3JlYXRlIjoxODAwMDAwMDAwMDAwLCJkZWxldGUiOjE4MDAwMDAwMDAwMDAsInVwZGF0ZSI6MTgwMDAwMDAwMDAwMH0sInNjaGVtYV92ZXJzaW9uIjoiMSJ9",
          "depends_on": [
            "google_container_cluster.gke"
          ]
        }
      ]
    }
  ]
}
